// !$*UTF8*$!
{
	archiveVersion = 1;
	classes = {
	};
	objectVersion = 50;
	objects = {

/* Begin PBXBuildFile section */
		9F516C9A26BB05B1004B80C8 /* KeyboardResponder.swift in Sources */ = {isa = PBXBuildFile; fileRef = 9F516C9926BB05B1004B80C8 /* KeyboardResponder.swift */; };
		9F636A0226BDC39A005EB526 /* Main.swift in Sources */ = {isa = PBXBuildFile; fileRef = 9F636A0126BDC399005EB526 /* Main.swift */; };
		9F636A0526BDC427005EB526 /* UserAuthViewModel.swift in Sources */ = {isa = PBXBuildFile; fileRef = 9F636A0426BDC427005EB526 /* UserAuthViewModel.swift */; };
		9F636A0726BDEA46005EB526 /* Menu.swift in Sources */ = {isa = PBXBuildFile; fileRef = 9F636A0626BDEA46005EB526 /* Menu.swift */; };
		9F71104226BB2EE400576859 /* User.swift in Sources */ = {isa = PBXBuildFile; fileRef = 9F71104126BB2EE400576859 /* User.swift */; };
		9F71104626BB30DA00576859 /* AccountsViewModel.swift in Sources */ = {isa = PBXBuildFile; fileRef = 9F71104526BB30DA00576859 /* AccountsViewModel.swift */; };
		9F71104A26BB314600576859 /* Account.swift in Sources */ = {isa = PBXBuildFile; fileRef = 9F71104926BB314600576859 /* Account.swift */; };
		9F71104C26BB321800576859 /* Transaction.swift in Sources */ = {isa = PBXBuildFile; fileRef = 9F71104B26BB321800576859 /* Transaction.swift */; };
		9F71104F26BB37C200576859 /* AccountsDashboard.swift in Sources */ = {isa = PBXBuildFile; fileRef = 9F71104E26BB37C200576859 /* AccountsDashboard.swift */; };
		9F71105126BB38F600576859 /* AccountRow.swift in Sources */ = {isa = PBXBuildFile; fileRef = 9F71105026BB38F600576859 /* AccountRow.swift */; };
		9F8D71F026BA33D100027975 /* Mobile_ExerciseApp.swift in Sources */ = {isa = PBXBuildFile; fileRef = 9F8D71EF26BA33D100027975 /* Mobile_ExerciseApp.swift */; };
		9F8D71F226BA33D100027975 /* Login.swift in Sources */ = {isa = PBXBuildFile; fileRef = 9F8D71F126BA33D100027975 /* Login.swift */; };
		9F8D71F426BA33D300027975 /* Assets.xcassets in Resources */ = {isa = PBXBuildFile; fileRef = 9F8D71F326BA33D300027975 /* Assets.xcassets */; };
		9F8D71F726BA33D300027975 /* Preview Assets.xcassets in Resources */ = {isa = PBXBuildFile; fileRef = 9F8D71F626BA33D300027975 /* Preview Assets.xcassets */; };
		9F8D721D26BA47CD00027975 /* APIManager.swift in Sources */ = {isa = PBXBuildFile; fileRef = 9F8D721C26BA47CD00027975 /* APIManager.swift */; };
		9F8D721F26BA4EB900027975 /* PurpleButton.swift in Sources */ = {isa = PBXBuildFile; fileRef = 9F8D721E26BA4EB900027975 /* PurpleButton.swift */; };
		9FA0105626C1E71A004B6804 /* UserTests.swift in Sources */ = {isa = PBXBuildFile; fileRef = 9FA0105526C1E71A004B6804 /* UserTests.swift */; };
		9FA0105A26C1E8F2004B6804 /* Mobile_ExerciseUITests.swift in Sources */ = {isa = PBXBuildFile; fileRef = 9FA0105926C1E8F2004B6804 /* Mobile_ExerciseUITests.swift */; };
		9FA0105C26C1ED7F004B6804 /* AccountTests.swift in Sources */ = {isa = PBXBuildFile; fileRef = 9FA0105B26C1ED7F004B6804 /* AccountTests.swift */; };
		9FA0105E26C1EF36004B6804 /* TransactionTests.swift in Sources */ = {isa = PBXBuildFile; fileRef = 9FA0105D26C1EF36004B6804 /* TransactionTests.swift */; };
		9FA0106026C1F0AF004B6804 /* APIManagerTests.swift in Sources */ = {isa = PBXBuildFile; fileRef = 9FA0105F26C1F0AF004B6804 /* APIManagerTests.swift */; };
		9FA55CCE26C0C7E1008B0421 /* AccountViewModel.swift in Sources */ = {isa = PBXBuildFile; fileRef = 9FA55CCD26C0C7E1008B0421 /* AccountViewModel.swift */; };
		9FA55CD026C0C8B0008B0421 /* AccountSummary.swift in Sources */ = {isa = PBXBuildFile; fileRef = 9FA55CCF26C0C8B0008B0421 /* AccountSummary.swift */; };
		9FA55CD226C0C9F3008B0421 /* TransactionRow.swift in Sources */ = {isa = PBXBuildFile; fileRef = 9FA55CD126C0C9F3008B0421 /* TransactionRow.swift */; };
		9FA55CD526C0CD78008B0421 /* Settings.swift in Sources */ = {isa = PBXBuildFile; fileRef = 9FA55CD426C0CD78008B0421 /* Settings.swift */; };
/* End PBXBuildFile section */

/* Begin PBXContainerItemProxy section */
		9F8D71FE26BA33D300027975 /* PBXContainerItemProxy */ = {
			isa = PBXContainerItemProxy;
			containerPortal = 9F8D71E426BA33D100027975 /* Project object */;
			proxyType = 1;
			remoteGlobalIDString = 9F8D71EB26BA33D100027975;
			remoteInfo = "TreXis Mobile Exercise";
		};
		9F8D720926BA33D300027975 /* PBXContainerItemProxy */ = {
			isa = PBXContainerItemProxy;
			containerPortal = 9F8D71E426BA33D100027975 /* Project object */;
			proxyType = 1;
			remoteGlobalIDString = 9F8D71EB26BA33D100027975;
			remoteInfo = "TreXis Mobile Exercise";
		};
/* End PBXContainerItemProxy section */

/* Begin PBXFileReference section */
		9F516C9926BB05B1004B80C8 /* KeyboardResponder.swift */ = {isa = PBXFileReference; fileEncoding = 4; lastKnownFileType = sourcecode.swift; path = KeyboardResponder.swift; sourceTree = "<group>"; };
		9F636A0126BDC399005EB526 /* Main.swift */ = {isa = PBXFileReference; lastKnownFileType = sourcecode.swift; path = Main.swift; sourceTree = "<group>"; };
		9F636A0426BDC427005EB526 /* UserAuthViewModel.swift */ = {isa = PBXFileReference; lastKnownFileType = sourcecode.swift; path = UserAuthViewModel.swift; sourceTree = "<group>"; };
		9F636A0626BDEA46005EB526 /* Menu.swift */ = {isa = PBXFileReference; lastKnownFileType = sourcecode.swift; path = Menu.swift; sourceTree = "<group>"; };
		9F71104126BB2EE400576859 /* User.swift */ = {isa = PBXFileReference; lastKnownFileType = sourcecode.swift; path = User.swift; sourceTree = "<group>"; };
		9F71104526BB30DA00576859 /* AccountsViewModel.swift */ = {isa = PBXFileReference; lastKnownFileType = sourcecode.swift; path = AccountsViewModel.swift; sourceTree = "<group>"; };
		9F71104926BB314600576859 /* Account.swift */ = {isa = PBXFileReference; lastKnownFileType = sourcecode.swift; path = Account.swift; sourceTree = "<group>"; };
		9F71104B26BB321800576859 /* Transaction.swift */ = {isa = PBXFileReference; lastKnownFileType = sourcecode.swift; path = Transaction.swift; sourceTree = "<group>"; };
		9F71104E26BB37C200576859 /* AccountsDashboard.swift */ = {isa = PBXFileReference; lastKnownFileType = sourcecode.swift; path = AccountsDashboard.swift; sourceTree = "<group>"; };
		9F71105026BB38F600576859 /* AccountRow.swift */ = {isa = PBXFileReference; lastKnownFileType = sourcecode.swift; path = AccountRow.swift; sourceTree = "<group>"; };
		9F8D71EC26BA33D100027975 /* Mobile Exercise.app */ = {isa = PBXFileReference; explicitFileType = wrapper.application; includeInIndex = 0; path = "Mobile Exercise.app"; sourceTree = BUILT_PRODUCTS_DIR; };
		9F8D71EF26BA33D100027975 /* Mobile_ExerciseApp.swift */ = {isa = PBXFileReference; lastKnownFileType = sourcecode.swift; path = Mobile_ExerciseApp.swift; sourceTree = "<group>"; };
		9F8D71F126BA33D100027975 /* Login.swift */ = {isa = PBXFileReference; lastKnownFileType = sourcecode.swift; path = Login.swift; sourceTree = "<group>"; };
		9F8D71F326BA33D300027975 /* Assets.xcassets */ = {isa = PBXFileReference; lastKnownFileType = folder.assetcatalog; path = Assets.xcassets; sourceTree = "<group>"; };
		9F8D71F626BA33D300027975 /* Preview Assets.xcassets */ = {isa = PBXFileReference; lastKnownFileType = folder.assetcatalog; path = "Preview Assets.xcassets"; sourceTree = "<group>"; };
		9F8D71F826BA33D300027975 /* Info.plist */ = {isa = PBXFileReference; lastKnownFileType = text.plist.xml; path = Info.plist; sourceTree = "<group>"; };
		9F8D71FD26BA33D300027975 /* Mobile ExerciseTests.xctest */ = {isa = PBXFileReference; explicitFileType = wrapper.cfbundle; includeInIndex = 0; path = "Mobile ExerciseTests.xctest"; sourceTree = BUILT_PRODUCTS_DIR; };
		9F8D720326BA33D300027975 /* Info.plist */ = {isa = PBXFileReference; lastKnownFileType = text.plist.xml; path = Info.plist; sourceTree = "<group>"; };
		9F8D720826BA33D300027975 /* Mobile ExerciseUITests.xctest */ = {isa = PBXFileReference; explicitFileType = wrapper.cfbundle; includeInIndex = 0; path = "Mobile ExerciseUITests.xctest"; sourceTree = BUILT_PRODUCTS_DIR; };
		9F8D720E26BA33D300027975 /* Info.plist */ = {isa = PBXFileReference; lastKnownFileType = text.plist.xml; path = Info.plist; sourceTree = "<group>"; };
		9F8D721C26BA47CD00027975 /* APIManager.swift */ = {isa = PBXFileReference; lastKnownFileType = sourcecode.swift; path = APIManager.swift; sourceTree = "<group>"; };
		9F8D721E26BA4EB900027975 /* PurpleButton.swift */ = {isa = PBXFileReference; lastKnownFileType = sourcecode.swift; path = PurpleButton.swift; sourceTree = "<group>"; };
		9FA0105526C1E71A004B6804 /* UserTests.swift */ = {isa = PBXFileReference; lastKnownFileType = sourcecode.swift; path = UserTests.swift; sourceTree = "<group>"; };
		9FA0105926C1E8F2004B6804 /* Mobile_ExerciseUITests.swift */ = {isa = PBXFileReference; fileEncoding = 4; lastKnownFileType = sourcecode.swift; path = Mobile_ExerciseUITests.swift; sourceTree = "<group>"; };
		9FA0105B26C1ED7F004B6804 /* AccountTests.swift */ = {isa = PBXFileReference; lastKnownFileType = sourcecode.swift; path = AccountTests.swift; sourceTree = "<group>"; };
		9FA0105D26C1EF36004B6804 /* TransactionTests.swift */ = {isa = PBXFileReference; lastKnownFileType = sourcecode.swift; path = TransactionTests.swift; sourceTree = "<group>"; };
		9FA0105F26C1F0AF004B6804 /* APIManagerTests.swift */ = {isa = PBXFileReference; lastKnownFileType = sourcecode.swift; path = APIManagerTests.swift; sourceTree = "<group>"; };
		9FA55CCD26C0C7E1008B0421 /* AccountViewModel.swift */ = {isa = PBXFileReference; lastKnownFileType = sourcecode.swift; path = AccountViewModel.swift; sourceTree = "<group>"; };
		9FA55CCF26C0C8B0008B0421 /* AccountSummary.swift */ = {isa = PBXFileReference; lastKnownFileType = sourcecode.swift; path = AccountSummary.swift; sourceTree = "<group>"; };
		9FA55CD126C0C9F3008B0421 /* TransactionRow.swift */ = {isa = PBXFileReference; lastKnownFileType = sourcecode.swift; path = TransactionRow.swift; sourceTree = "<group>"; };
		9FA55CD426C0CD78008B0421 /* Settings.swift */ = {isa = PBXFileReference; lastKnownFileType = sourcecode.swift; path = Settings.swift; sourceTree = "<group>"; };
/* End PBXFileReference section */

/* Begin PBXFrameworksBuildPhase section */
		9F8D71E926BA33D100027975 /* Frameworks */ = {
			isa = PBXFrameworksBuildPhase;
			buildActionMask = 2147483647;
			files = (
			);
			runOnlyForDeploymentPostprocessing = 0;
		};
		9F8D71FA26BA33D300027975 /* Frameworks */ = {
			isa = PBXFrameworksBuildPhase;
			buildActionMask = 2147483647;
			files = (
			);
			runOnlyForDeploymentPostprocessing = 0;
		};
		9F8D720526BA33D300027975 /* Frameworks */ = {
			isa = PBXFrameworksBuildPhase;
			buildActionMask = 2147483647;
			files = (
			);
			runOnlyForDeploymentPostprocessing = 0;
		};
/* End PBXFrameworksBuildPhase section */

/* Begin PBXGroup section */
		9F636A0326BDC3F5005EB526 /* ViewModels */ = {
			isa = PBXGroup;
			children = (
				9F71104526BB30DA00576859 /* AccountsViewModel.swift */,
				9FA55CCD26C0C7E1008B0421 /* AccountViewModel.swift */,
				9F636A0426BDC427005EB526 /* UserAuthViewModel.swift */,
			);
			path = ViewModels;
			sourceTree = "<group>";
		};
		9F636A0826BDEA75005EB526 /* Core */ = {
			isa = PBXGroup;
			children = (
				9F636A0126BDC399005EB526 /* Main.swift */,
				9F636A0626BDEA46005EB526 /* Menu.swift */,
			);
			path = Core;
			sourceTree = "<group>";
		};
		9F71104726BB30E400576859 /* Models */ = {
			isa = PBXGroup;
			children = (
				9F71104926BB314600576859 /* Account.swift */,
				9F71104B26BB321800576859 /* Transaction.swift */,
				9F71104126BB2EE400576859 /* User.swift */,
			);
			path = Models;
			sourceTree = "<group>";
		};
		9F71104D26BB367800576859 /* AccountsDashboard */ = {
			isa = PBXGroup;
			children = (
				9F71104E26BB37C200576859 /* AccountsDashboard.swift */,
				9F71105026BB38F600576859 /* AccountRow.swift */,
			);
			path = AccountsDashboard;
			sourceTree = "<group>";
		};
		9F8D71E326BA33D100027975 = {
			isa = PBXGroup;
			children = (
				9F8D71EE26BA33D100027975 /* Mobile Exercise */,
				9F8D720026BA33D300027975 /* Mobile ExerciseTests */,
				9F8D720B26BA33D300027975 /* Mobile ExerciseUITests */,
				9F8D71ED26BA33D100027975 /* Products */,
			);
			sourceTree = "<group>";
		};
		9F8D71ED26BA33D100027975 /* Products */ = {
			isa = PBXGroup;
			children = (
				9F8D71EC26BA33D100027975 /* Mobile Exercise.app */,
				9F8D71FD26BA33D300027975 /* Mobile ExerciseTests.xctest */,
				9F8D720826BA33D300027975 /* Mobile ExerciseUITests.xctest */,
			);
			name = Products;
			sourceTree = "<group>";
		};
		9F8D71EE26BA33D100027975 /* Mobile Exercise */ = {
			isa = PBXGroup;
			children = (
				9F8D71F826BA33D300027975 /* Info.plist */,
				9F8D71EF26BA33D100027975 /* Mobile_ExerciseApp.swift */,
				9F71104726BB30E400576859 /* Models */,
				9F8D71F526BA33D300027975 /* Preview Content */,
				9F8D722226BA4FC000027975 /* Services */,
				9F8D722326BA4FD300027975 /* Styling */,
				9F636A0326BDC3F5005EB526 /* ViewModels */,
				9F8D722026BA4F9700027975 /* Views */,
			);
			path = "Mobile Exercise";
			sourceTree = "<group>";
		};
		9F8D71F526BA33D300027975 /* Preview Content */ = {
			isa = PBXGroup;
			children = (
				9F8D71F626BA33D300027975 /* Preview Assets.xcassets */,
			);
			path = "Preview Content";
			sourceTree = "<group>";
		};
		9F8D720026BA33D300027975 /* Mobile ExerciseTests */ = {
			isa = PBXGroup;
			children = (
				9FA0105F26C1F0AF004B6804 /* APIManagerTests.swift */,
				9FA0105D26C1EF36004B6804 /* TransactionTests.swift */,
				9FA0105B26C1ED7F004B6804 /* AccountTests.swift */,
				9F8D720326BA33D300027975 /* Info.plist */,
				9FA0105526C1E71A004B6804 /* UserTests.swift */,
			);
			path = "Mobile ExerciseTests";
			sourceTree = "<group>";
		};
		9F8D720B26BA33D300027975 /* Mobile ExerciseUITests */ = {
			isa = PBXGroup;
			children = (
				9FA0105926C1E8F2004B6804 /* Mobile_ExerciseUITests.swift */,
				9F8D720E26BA33D300027975 /* Info.plist */,
			);
			path = "Mobile ExerciseUITests";
			sourceTree = "<group>";
		};
		9F8D722026BA4F9700027975 /* Views */ = {
			isa = PBXGroup;
			children = (
				9F71104D26BB367800576859 /* AccountsDashboard */,
				9FA55CD326C0CB94008B0421 /* AccountSummary */,
				9F636A0826BDEA75005EB526 /* Core */,
				9F8D722126BA4FA600027975 /* Login */,
				9FA55CD426C0CD78008B0421 /* Settings.swift */,
			);
			path = Views;
			sourceTree = "<group>";
		};
		9F8D722126BA4FA600027975 /* Login */ = {
			isa = PBXGroup;
			children = (
				9F8D71F126BA33D100027975 /* Login.swift */,
			);
			path = Login;
			sourceTree = "<group>";
		};
		9F8D722226BA4FC000027975 /* Services */ = {
			isa = PBXGroup;
			children = (
				9F8D721C26BA47CD00027975 /* APIManager.swift */,
				9F516C9926BB05B1004B80C8 /* KeyboardResponder.swift */,
			);
			path = Services;
			sourceTree = "<group>";
		};
		9F8D722326BA4FD300027975 /* Styling */ = {
			isa = PBXGroup;
			children = (
				9F8D71F326BA33D300027975 /* Assets.xcassets */,
				9F8D722426BA500B00027975 /* ButtonStyles */,
			);
			path = Styling;
			sourceTree = "<group>";
		};
		9F8D722426BA500B00027975 /* ButtonStyles */ = {
			isa = PBXGroup;
			children = (
				9F8D721E26BA4EB900027975 /* PurpleButton.swift */,
			);
			path = ButtonStyles;
			sourceTree = "<group>";
		};
		9FA55CD326C0CB94008B0421 /* AccountSummary */ = {
			isa = PBXGroup;
			children = (
				9FA55CCF26C0C8B0008B0421 /* AccountSummary.swift */,
				9FA55CD126C0C9F3008B0421 /* TransactionRow.swift */,
			);
			path = AccountSummary;
			sourceTree = "<group>";
		};
/* End PBXGroup section */

/* Begin PBXNativeTarget section */
		9F8D71EB26BA33D100027975 /* Mobile Exercise */ = {
			isa = PBXNativeTarget;
			buildConfigurationList = 9F8D721126BA33D300027975 /* Build configuration list for PBXNativeTarget "Mobile Exercise" */;
			buildPhases = (
				9F8D71E826BA33D100027975 /* Sources */,
				9F8D71E926BA33D100027975 /* Frameworks */,
				9F8D71EA26BA33D100027975 /* Resources */,
			);
			buildRules = (
			);
			dependencies = (
			);
			name = "Mobile Exercise";
			productName = "TreXis Mobile Exercise";
			productReference = 9F8D71EC26BA33D100027975 /* Mobile Exercise.app */;
			productType = "com.apple.product-type.application";
		};
		9F8D71FC26BA33D300027975 /* Mobile ExerciseTests */ = {
			isa = PBXNativeTarget;
			buildConfigurationList = 9F8D721426BA33D300027975 /* Build configuration list for PBXNativeTarget "Mobile ExerciseTests" */;
			buildPhases = (
				9F8D71F926BA33D300027975 /* Sources */,
				9F8D71FA26BA33D300027975 /* Frameworks */,
				9F8D71FB26BA33D300027975 /* Resources */,
			);
			buildRules = (
			);
			dependencies = (
				9F8D71FF26BA33D300027975 /* PBXTargetDependency */,
			);
			name = "Mobile ExerciseTests";
			productName = "TreXis Mobile ExerciseTests";
			productReference = 9F8D71FD26BA33D300027975 /* Mobile ExerciseTests.xctest */;
			productType = "com.apple.product-type.bundle.unit-test";
		};
		9F8D720726BA33D300027975 /* Mobile ExerciseUITests */ = {
			isa = PBXNativeTarget;
			buildConfigurationList = 9F8D721726BA33D300027975 /* Build configuration list for PBXNativeTarget "Mobile ExerciseUITests" */;
			buildPhases = (
				9F8D720426BA33D300027975 /* Sources */,
				9F8D720526BA33D300027975 /* Frameworks */,
				9F8D720626BA33D300027975 /* Resources */,
			);
			buildRules = (
			);
			dependencies = (
				9F8D720A26BA33D300027975 /* PBXTargetDependency */,
			);
			name = "Mobile ExerciseUITests";
			productName = "TreXis Mobile ExerciseUITests";
			productReference = 9F8D720826BA33D300027975 /* Mobile ExerciseUITests.xctest */;
			productType = "com.apple.product-type.bundle.ui-testing";
		};
/* End PBXNativeTarget section */

/* Begin PBXProject section */
		9F8D71E426BA33D100027975 /* Project object */ = {
			isa = PBXProject;
			attributes = {
				LastSwiftUpdateCheck = 1250;
				LastUpgradeCheck = 1250;
				TargetAttributes = {
					9F8D71EB26BA33D100027975 = {
						CreatedOnToolsVersion = 12.5.1;
					};
					9F8D71FC26BA33D300027975 = {
						CreatedOnToolsVersion = 12.5.1;
						LastSwiftMigration = 1250;
						TestTargetID = 9F8D71EB26BA33D100027975;
					};
					9F8D720726BA33D300027975 = {
						CreatedOnToolsVersion = 12.5.1;
						LastSwiftMigration = 1250;
						TestTargetID = 9F8D71EB26BA33D100027975;
					};
				};
			};
			buildConfigurationList = 9F8D71E726BA33D100027975 /* Build configuration list for PBXProject "Mobile Exercise" */;
			compatibilityVersion = "Xcode 9.3";
			developmentRegion = en;
			hasScannedForEncodings = 0;
			knownRegions = (
				en,
				Base,
			);
			mainGroup = 9F8D71E326BA33D100027975;
			productRefGroup = 9F8D71ED26BA33D100027975 /* Products */;
			projectDirPath = "";
			projectRoot = "";
			targets = (
				9F8D71EB26BA33D100027975 /* Mobile Exercise */,
				9F8D71FC26BA33D300027975 /* Mobile ExerciseTests */,
				9F8D720726BA33D300027975 /* Mobile ExerciseUITests */,
			);
		};
/* End PBXProject section */

/* Begin PBXResourcesBuildPhase section */
		9F8D71EA26BA33D100027975 /* Resources */ = {
			isa = PBXResourcesBuildPhase;
			buildActionMask = 2147483647;
			files = (
				9F8D71F726BA33D300027975 /* Preview Assets.xcassets in Resources */,
				9F8D71F426BA33D300027975 /* Assets.xcassets in Resources */,
			);
			runOnlyForDeploymentPostprocessing = 0;
		};
		9F8D71FB26BA33D300027975 /* Resources */ = {
			isa = PBXResourcesBuildPhase;
			buildActionMask = 2147483647;
			files = (
			);
			runOnlyForDeploymentPostprocessing = 0;
		};
		9F8D720626BA33D300027975 /* Resources */ = {
			isa = PBXResourcesBuildPhase;
			buildActionMask = 2147483647;
			files = (
			);
			runOnlyForDeploymentPostprocessing = 0;
		};
/* End PBXResourcesBuildPhase section */

/* Begin PBXSourcesBuildPhase section */
		9F8D71E826BA33D100027975 /* Sources */ = {
			isa = PBXSourcesBuildPhase;
			buildActionMask = 2147483647;
			files = (
				9F71105126BB38F600576859 /* AccountRow.swift in Sources */,
				9F71104C26BB321800576859 /* Transaction.swift in Sources */,
				9F8D721D26BA47CD00027975 /* APIManager.swift in Sources */,
				9F8D721F26BA4EB900027975 /* PurpleButton.swift in Sources */,
				9F71104226BB2EE400576859 /* User.swift in Sources */,
				9F8D71F226BA33D100027975 /* Login.swift in Sources */,
				9F636A0526BDC427005EB526 /* UserAuthViewModel.swift in Sources */,
				9F516C9A26BB05B1004B80C8 /* KeyboardResponder.swift in Sources */,
				9F71104A26BB314600576859 /* Account.swift in Sources */,
				9FA55CD226C0C9F3008B0421 /* TransactionRow.swift in Sources */,
				9F636A0726BDEA46005EB526 /* Menu.swift in Sources */,
				9FA55CCE26C0C7E1008B0421 /* AccountViewModel.swift in Sources */,
				9F71104626BB30DA00576859 /* AccountsViewModel.swift in Sources */,
				9F71104F26BB37C200576859 /* AccountsDashboard.swift in Sources */,
				9F636A0226BDC39A005EB526 /* Main.swift in Sources */,
				9FA55CD526C0CD78008B0421 /* Settings.swift in Sources */,
				9FA55CD026C0C8B0008B0421 /* AccountSummary.swift in Sources */,
				9F8D71F026BA33D100027975 /* Mobile_ExerciseApp.swift in Sources */,
			);
			runOnlyForDeploymentPostprocessing = 0;
		};
		9F8D71F926BA33D300027975 /* Sources */ = {
			isa = PBXSourcesBuildPhase;
			buildActionMask = 2147483647;
			files = (
				9FA0106026C1F0AF004B6804 /* APIManagerTests.swift in Sources */,
				9FA0105626C1E71A004B6804 /* UserTests.swift in Sources */,
				9FA0105E26C1EF36004B6804 /* TransactionTests.swift in Sources */,
				9FA0105C26C1ED7F004B6804 /* AccountTests.swift in Sources */,
			);
			runOnlyForDeploymentPostprocessing = 0;
		};
		9F8D720426BA33D300027975 /* Sources */ = {
			isa = PBXSourcesBuildPhase;
			buildActionMask = 2147483647;
			files = (
				9FA0105A26C1E8F2004B6804 /* Mobile_ExerciseUITests.swift in Sources */,
			);
			runOnlyForDeploymentPostprocessing = 0;
		};
/* End PBXSourcesBuildPhase section */

/* Begin PBXTargetDependency section */
		9F8D71FF26BA33D300027975 /* PBXTargetDependency */ = {
			isa = PBXTargetDependency;
			target = 9F8D71EB26BA33D100027975 /* Mobile Exercise */;
			targetProxy = 9F8D71FE26BA33D300027975 /* PBXContainerItemProxy */;
		};
		9F8D720A26BA33D300027975 /* PBXTargetDependency */ = {
			isa = PBXTargetDependency;
			target = 9F8D71EB26BA33D100027975 /* Mobile Exercise */;
			targetProxy = 9F8D720926BA33D300027975 /* PBXContainerItemProxy */;
		};
/* End PBXTargetDependency section */

/* Begin XCBuildConfiguration section */
		9F8D720F26BA33D300027975 /* Debug */ = {
			isa = XCBuildConfiguration;
			buildSettings = {
				ALWAYS_SEARCH_USER_PATHS = NO;
				CLANG_ANALYZER_NONNULL = YES;
				CLANG_ANALYZER_NUMBER_OBJECT_CONVERSION = YES_AGGRESSIVE;
				CLANG_CXX_LANGUAGE_STANDARD = "gnu++14";
				CLANG_CXX_LIBRARY = "libc++";
				CLANG_ENABLE_MODULES = YES;
				CLANG_ENABLE_OBJC_ARC = YES;
				CLANG_ENABLE_OBJC_WEAK = YES;
				CLANG_WARN_BLOCK_CAPTURE_AUTORELEASING = YES;
				CLANG_WARN_BOOL_CONVERSION = YES;
				CLANG_WARN_COMMA = YES;
				CLANG_WARN_CONSTANT_CONVERSION = YES;
				CLANG_WARN_DEPRECATED_OBJC_IMPLEMENTATIONS = YES;
				CLANG_WARN_DIRECT_OBJC_ISA_USAGE = YES_ERROR;
				CLANG_WARN_DOCUMENTATION_COMMENTS = YES;
				CLANG_WARN_EMPTY_BODY = YES;
				CLANG_WARN_ENUM_CONVERSION = YES;
				CLANG_WARN_INFINITE_RECURSION = YES;
				CLANG_WARN_INT_CONVERSION = YES;
				CLANG_WARN_NON_LITERAL_NULL_CONVERSION = YES;
				CLANG_WARN_OBJC_IMPLICIT_RETAIN_SELF = YES;
				CLANG_WARN_OBJC_LITERAL_CONVERSION = YES;
				CLANG_WARN_OBJC_ROOT_CLASS = YES_ERROR;
				CLANG_WARN_QUOTED_INCLUDE_IN_FRAMEWORK_HEADER = YES;
				CLANG_WARN_RANGE_LOOP_ANALYSIS = YES;
				CLANG_WARN_STRICT_PROTOTYPES = YES;
				CLANG_WARN_SUSPICIOUS_MOVE = YES;
				CLANG_WARN_UNGUARDED_AVAILABILITY = YES_AGGRESSIVE;
				CLANG_WARN_UNREACHABLE_CODE = YES;
				CLANG_WARN__DUPLICATE_METHOD_MATCH = YES;
				COPY_PHASE_STRIP = NO;
				DEBUG_INFORMATION_FORMAT = dwarf;
				ENABLE_STRICT_OBJC_MSGSEND = YES;
				ENABLE_TESTABILITY = YES;
				GCC_C_LANGUAGE_STANDARD = gnu11;
				GCC_DYNAMIC_NO_PIC = NO;
				GCC_NO_COMMON_BLOCKS = YES;
				GCC_OPTIMIZATION_LEVEL = 0;
				GCC_PREPROCESSOR_DEFINITIONS = (
					"DEBUG=1",
					"$(inherited)",
				);
				GCC_WARN_64_TO_32_BIT_CONVERSION = YES;
				GCC_WARN_ABOUT_RETURN_TYPE = YES_ERROR;
				GCC_WARN_UNDECLARED_SELECTOR = YES;
				GCC_WARN_UNINITIALIZED_AUTOS = YES_AGGRESSIVE;
				GCC_WARN_UNUSED_FUNCTION = YES;
				GCC_WARN_UNUSED_VARIABLE = YES;
				IPHONEOS_DEPLOYMENT_TARGET = 14.5;
				MTL_ENABLE_DEBUG_INFO = INCLUDE_SOURCE;
				MTL_FAST_MATH = YES;
				ONLY_ACTIVE_ARCH = YES;
				SDKROOT = iphoneos;
				SWIFT_ACTIVE_COMPILATION_CONDITIONS = DEBUG;
				SWIFT_OPTIMIZATION_LEVEL = "-Onone";
			};
			name = Debug;
		};
		9F8D721026BA33D300027975 /* Release */ = {
			isa = XCBuildConfiguration;
			buildSettings = {
				ALWAYS_SEARCH_USER_PATHS = NO;
				CLANG_ANALYZER_NONNULL = YES;
				CLANG_ANALYZER_NUMBER_OBJECT_CONVERSION = YES_AGGRESSIVE;
				CLANG_CXX_LANGUAGE_STANDARD = "gnu++14";
				CLANG_CXX_LIBRARY = "libc++";
				CLANG_ENABLE_MODULES = YES;
				CLANG_ENABLE_OBJC_ARC = YES;
				CLANG_ENABLE_OBJC_WEAK = YES;
				CLANG_WARN_BLOCK_CAPTURE_AUTORELEASING = YES;
				CLANG_WARN_BOOL_CONVERSION = YES;
				CLANG_WARN_COMMA = YES;
				CLANG_WARN_CONSTANT_CONVERSION = YES;
				CLANG_WARN_DEPRECATED_OBJC_IMPLEMENTATIONS = YES;
				CLANG_WARN_DIRECT_OBJC_ISA_USAGE = YES_ERROR;
				CLANG_WARN_DOCUMENTATION_COMMENTS = YES;
				CLANG_WARN_EMPTY_BODY = YES;
				CLANG_WARN_ENUM_CONVERSION = YES;
				CLANG_WARN_INFINITE_RECURSION = YES;
				CLANG_WARN_INT_CONVERSION = YES;
				CLANG_WARN_NON_LITERAL_NULL_CONVERSION = YES;
				CLANG_WARN_OBJC_IMPLICIT_RETAIN_SELF = YES;
				CLANG_WARN_OBJC_LITERAL_CONVERSION = YES;
				CLANG_WARN_OBJC_ROOT_CLASS = YES_ERROR;
				CLANG_WARN_QUOTED_INCLUDE_IN_FRAMEWORK_HEADER = YES;
				CLANG_WARN_RANGE_LOOP_ANALYSIS = YES;
				CLANG_WARN_STRICT_PROTOTYPES = YES;
				CLANG_WARN_SUSPICIOUS_MOVE = YES;
				CLANG_WARN_UNGUARDED_AVAILABILITY = YES_AGGRESSIVE;
				CLANG_WARN_UNREACHABLE_CODE = YES;
				CLANG_WARN__DUPLICATE_METHOD_MATCH = YES;
				COPY_PHASE_STRIP = NO;
				DEBUG_INFORMATION_FORMAT = "dwarf-with-dsym";
				ENABLE_NS_ASSERTIONS = NO;
				ENABLE_STRICT_OBJC_MSGSEND = YES;
				GCC_C_LANGUAGE_STANDARD = gnu11;
				GCC_NO_COMMON_BLOCKS = YES;
				GCC_WARN_64_TO_32_BIT_CONVERSION = YES;
				GCC_WARN_ABOUT_RETURN_TYPE = YES_ERROR;
				GCC_WARN_UNDECLARED_SELECTOR = YES;
				GCC_WARN_UNINITIALIZED_AUTOS = YES_AGGRESSIVE;
				GCC_WARN_UNUSED_FUNCTION = YES;
				GCC_WARN_UNUSED_VARIABLE = YES;
				IPHONEOS_DEPLOYMENT_TARGET = 14.5;
				MTL_ENABLE_DEBUG_INFO = NO;
				MTL_FAST_MATH = YES;
				SDKROOT = iphoneos;
				SWIFT_COMPILATION_MODE = wholemodule;
				SWIFT_OPTIMIZATION_LEVEL = "-O";
				VALIDATE_PRODUCT = YES;
			};
			name = Release;
		};
		9F8D721226BA33D300027975 /* Debug */ = {
			isa = XCBuildConfiguration;
			buildSettings = {
				ASSETCATALOG_COMPILER_APPICON_NAME = AppIcon;
				ASSETCATALOG_COMPILER_GLOBAL_ACCENT_COLOR_NAME = AccentColor;
				CODE_SIGN_STYLE = Automatic;
				DEVELOPMENT_ASSET_PATHS = "\"Mobile Exercise/Preview Content\"";
				DEVELOPMENT_TEAM = Y2YRU5RRXZ;
				ENABLE_PREVIEWS = YES;
				INFOPLIST_FILE = "Mobile Exercise/Info.plist";
				IPHONEOS_DEPLOYMENT_TARGET = 14.0;
				LD_RUNPATH_SEARCH_PATHS = (
					"$(inherited)",
					"@executable_path/Frameworks",
				);
				PRODUCT_BUNDLE_IDENTIFIER = "com.teddycode.Mobile-Exercise";
				PRODUCT_NAME = "$(TARGET_NAME)";
				SWIFT_VERSION = 5.0;
				TARGETED_DEVICE_FAMILY = "1,2";
			};
			name = Debug;
		};
		9F8D721326BA33D300027975 /* Release */ = {
			isa = XCBuildConfiguration;
			buildSettings = {
				ASSETCATALOG_COMPILER_APPICON_NAME = AppIcon;
				ASSETCATALOG_COMPILER_GLOBAL_ACCENT_COLOR_NAME = AccentColor;
				CODE_SIGN_STYLE = Automatic;
				DEVELOPMENT_ASSET_PATHS = "\"Mobile Exercise/Preview Content\"";
				DEVELOPMENT_TEAM = Y2YRU5RRXZ;
				ENABLE_PREVIEWS = YES;
				INFOPLIST_FILE = "Mobile Exercise/Info.plist";
				IPHONEOS_DEPLOYMENT_TARGET = 14.0;
				LD_RUNPATH_SEARCH_PATHS = (
					"$(inherited)",
					"@executable_path/Frameworks",
				);
				PRODUCT_BUNDLE_IDENTIFIER = "com.teddycode.Mobile-Exercise";
				PRODUCT_NAME = "$(TARGET_NAME)";
				SWIFT_VERSION = 5.0;
				TARGETED_DEVICE_FAMILY = "1,2";
			};
			name = Release;
		};
		9F8D721526BA33D300027975 /* Debug */ = {
			isa = XCBuildConfiguration;
			buildSettings = {
				ALWAYS_EMBED_SWIFT_STANDARD_LIBRARIES = YES;
				BUNDLE_LOADER = "$(TEST_HOST)";
				CLANG_ENABLE_MODULES = YES;
				CODE_SIGN_STYLE = Automatic;
				DEVELOPMENT_TEAM = Y2YRU5RRXZ;
				INFOPLIST_FILE = "Mobile ExerciseTests/Info.plist";
				IPHONEOS_DEPLOYMENT_TARGET = 14.0;
				LD_RUNPATH_SEARCH_PATHS = (
					"$(inherited)",
					"@executable_path/Frameworks",
					"@loader_path/Frameworks",
				);
				PRODUCT_BUNDLE_IDENTIFIER = "com.teddycode.Mobile-ExerciseTests";
				PRODUCT_NAME = "$(TARGET_NAME)";
				SWIFT_OPTIMIZATION_LEVEL = "-Onone";
				SWIFT_VERSION = 5.0;
				TARGETED_DEVICE_FAMILY = "1,2";
				TEST_HOST = "$(BUILT_PRODUCTS_DIR)/Mobile Exercise.app/Mobile Exercise";
			};
			name = Debug;
		};
		9F8D721626BA33D300027975 /* Release */ = {
			isa = XCBuildConfiguration;
			buildSettings = {
				ALWAYS_EMBED_SWIFT_STANDARD_LIBRARIES = YES;
				BUNDLE_LOADER = "$(TEST_HOST)";
				CLANG_ENABLE_MODULES = YES;
				CODE_SIGN_STYLE = Automatic;
				DEVELOPMENT_TEAM = Y2YRU5RRXZ;
				INFOPLIST_FILE = "Mobile ExerciseTests/Info.plist";
				IPHONEOS_DEPLOYMENT_TARGET = 14.0;
				LD_RUNPATH_SEARCH_PATHS = (
					"$(inherited)",
					"@executable_path/Frameworks",
					"@loader_path/Frameworks",
				);
				PRODUCT_BUNDLE_IDENTIFIER = "com.teddycode.Mobile-ExerciseTests";
				PRODUCT_NAME = "$(TARGET_NAME)";
				SWIFT_VERSION = 5.0;
				TARGETED_DEVICE_FAMILY = "1,2";
				TEST_HOST = "$(BUILT_PRODUCTS_DIR)/Mobile Exercise.app/Mobile Exercise";
			};
			name = Release;
		};
		9F8D721826BA33D300027975 /* Debug */ = {
			isa = XCBuildConfiguration;
			buildSettings = {
				ALWAYS_EMBED_SWIFT_STANDARD_LIBRARIES = YES;
				CLANG_ENABLE_MODULES = YES;
				CODE_SIGN_STYLE = Automatic;
				DEVELOPMENT_TEAM = Y2YRU5RRXZ;
				INFOPLIST_FILE = "Mobile ExerciseUITests/Info.plist";
				LD_RUNPATH_SEARCH_PATHS = (
					"$(inherited)",
					"@executable_path/Frameworks",
					"@loader_path/Frameworks",
				);
				PRODUCT_BUNDLE_IDENTIFIER = "com.teddycode.Mobile-ExerciseUITests";
				PRODUCT_NAME = "$(TARGET_NAME)";
				SWIFT_OPTIMIZATION_LEVEL = "-Onone";
				SWIFT_VERSION = 5.0;
				TARGETED_DEVICE_FAMILY = "1,2";
				TEST_TARGET_NAME = "Mobile Exercise";
			};
			name = Debug;
		};
		9F8D721926BA33D300027975 /* Release */ = {
			isa = XCBuildConfiguration;
			buildSettings = {
				ALWAYS_EMBED_SWIFT_STANDARD_LIBRARIES = YES;
				CLANG_ENABLE_MODULES = YES;
				CODE_SIGN_STYLE = Automatic;
				DEVELOPMENT_TEAM = Y2YRU5RRXZ;
				INFOPLIST_FILE = "Mobile ExerciseUITests/Info.plist";
				LD_RUNPATH_SEARCH_PATHS = (
					"$(inherited)",
					"@executable_path/Frameworks",
					"@loader_path/Frameworks",
				);
				PRODUCT_BUNDLE_IDENTIFIER = "com.teddycode.Mobile-ExerciseUITests";
				PRODUCT_NAME = "$(TARGET_NAME)";
				SWIFT_VERSION = 5.0;
				TARGETED_DEVICE_FAMILY = "1,2";
				TEST_TARGET_NAME = "Mobile Exercise";
			};
			name = Release;
		};
/* End XCBuildConfiguration section */

/* Begin XCConfigurationList section */
		9F8D71E726BA33D100027975 /* Build configuration list for PBXProject "Mobile Exercise" */ = {
			isa = XCConfigurationList;
			buildConfigurations = (
				9F8D720F26BA33D300027975 /* Debug */,
				9F8D721026BA33D300027975 /* Release */,
			);
			defaultConfigurationIsVisible = 0;
			defaultConfigurationName = Release;
		};
		9F8D721126BA33D300027975 /* Build configuration list for PBXNativeTarget "Mobile Exercise" */ = {
			isa = XCConfigurationList;
			buildConfigurations = (
				9F8D721226BA33D300027975 /* Debug */,
				9F8D721326BA33D300027975 /* Release */,
			);
			defaultConfigurationIsVisible = 0;
			defaultConfigurationName = Release;
		};
		9F8D721426BA33D300027975 /* Build configuration list for PBXNativeTarget "Mobile ExerciseTests" */ = {
			isa = XCConfigurationList;
			buildConfigurations = (
				9F8D721526BA33D300027975 /* Debug */,
				9F8D721626BA33D300027975 /* Release */,
			);
			defaultConfigurationIsVisible = 0;
			defaultConfigurationName = Release;
		};
		9F8D721726BA33D300027975 /* Build configuration list for PBXNativeTarget "Mobile ExerciseUITests" */ = {
			isa = XCConfigurationList;
			buildConfigurations = (
				9F8D721826BA33D300027975 /* Debug */,
				9F8D721926BA33D300027975 /* Release */,
			);
			defaultConfigurationIsVisible = 0;
			defaultConfigurationName = Release;
		};
/* End XCConfigurationList section */
	};
	rootObject = 9F8D71E426BA33D100027975 /* Project object */;
}
